
Microsoft Visual Studio Solution File, Format Version 12.00
# Visual Studio Version 16
VisualStudioVersion = 16.0.29123.89
MinimumVisualStudioVersion = 10.0.40219.1
Project("{9A19103F-16F7-4668-BE54-9A1E7A4F7556}") = "Olbrasoft.CzechAndSlovakia.AspNetCore.Mvc", "src\Olbrasoft.CzechAndSlovakia.AspNetCore.Mvc\Olbrasoft.CzechAndSlovakia.AspNetCore.Mvc.csproj", "{FAD9B9C0-460D-4CA1-819C-1AB8673C0EFD}"
EndProject
Project("{2150E333-8FDC-42A3-9474-1A3956D46DE8}") = "Tests", "Tests", "{BCDC9033-A652-4A13-9AC9-19B77B622D96}"
EndProject
Project("{FAE04EC0-301F-11D3-BF4B-00C04F79EFBC}") = "Olbrasoft.CzechAndSlovakia.AspNetCore.Mvc.Tests", "test\Olbrasoft.CzechAndSlovakia.AspNetCore.Mvc.Tests\Olbrasoft.CzechAndSlovakia.AspNetCore.Mvc.Tests.csproj", "{A3472539-D2E1-47D5-B6A7-BBDA14CC5D48}"
EndProject
Project("{FAE04EC0-301F-11D3-BF4B-00C04F79EFBC}") = "Olbrasoft.CzechAndSlovakia.Data", "src\Olbrasoft.CzechAndSlovakia.Data\Olbrasoft.CzechAndSlovakia.Data.csproj", "{F457BCE4-2DBD-4A2E-92D6-73EB166FBA53}"
EndProject
Project("{FAE04EC0-301F-11D3-BF4B-00C04F79EFBC}") = "Olbrasoft.CzechAndSlovakia.Data.Tests", "test\Olbrasoft.CzechAndSlovakia.Data.Tests\Olbrasoft.CzechAndSlovakia.Data.Tests.csproj", "{7ACA05D8-3A29-4C45-84D2-4A56325DA70B}"
EndProject
Project("{FAE04EC0-301F-11D3-BF4B-00C04F79EFBC}") = "Olbrasoft.CzechAndSlovakia.Data.EntityFrameworkCore", "src\Olbrasoft.CzechAndSlovakia.Data.EntityFrameworkCore\Olbrasoft.CzechAndSlovakia.Data.EntityFrameworkCore.csproj", "{B68A3672-EDCF-429D-8DBC-1A7EB87F4679}"
EndProject
Project("{FAE04EC0-301F-11D3-BF4B-00C04F79EFBC}") = "Olbrasoft.CzechAndSlovakia.Data.EntityFrameworkCore.Tests", "test\Olbrasoft.CzechAndSlovakia.Data.EntityFrameworkCore.Tests\Olbrasoft.CzechAndSlovakia.Data.EntityFrameworkCore.Tests.csproj", "{FE5336CF-5078-4ED5-8C32-8F4240F4A52F}"
EndProject
Global
	GlobalSection(SolutionConfigurationPlatforms) = preSolution
		Debug|Any CPU = Debug|Any CPU
		Release|Any CPU = Release|Any CPU
	EndGlobalSection
	GlobalSection(ProjectConfigurationPlatforms) = postSolution
		{FAD9B9C0-460D-4CA1-819C-1AB8673C0EFD}.Debug|Any CPU.ActiveCfg = Debug|Any CPU
		{FAD9B9C0-460D-4CA1-819C-1AB8673C0EFD}.Debug|Any CPU.Build.0 = Debug|Any CPU
		{FAD9B9C0-460D-4CA1-819C-1AB8673C0EFD}.Release|Any CPU.ActiveCfg = Release|Any CPU
		{FAD9B9C0-460D-4CA1-819C-1AB8673C0EFD}.Release|Any CPU.Build.0 = Release|Any CPU
		{A3472539-D2E1-47D5-B6A7-BBDA14CC5D48}.Debug|Any CPU.ActiveCfg = Debug|Any CPU
		{A3472539-D2E1-47D5-B6A7-BBDA14CC5D48}.Debug|Any CPU.Build.0 = Debug|Any CPU
		{A3472539-D2E1-47D5-B6A7-BBDA14CC5D48}.Release|Any CPU.ActiveCfg = Release|Any CPU
		{A3472539-D2E1-47D5-B6A7-BBDA14CC5D48}.Release|Any CPU.Build.0 = Release|Any CPU
		{F457BCE4-2DBD-4A2E-92D6-73EB166FBA53}.Debug|Any CPU.ActiveCfg = Debug|Any CPU
		{F457BCE4-2DBD-4A2E-92D6-73EB166FBA53}.Debug|Any CPU.Build.0 = Debug|Any CPU
		{F457BCE4-2DBD-4A2E-92D6-73EB166FBA53}.Release|Any CPU.ActiveCfg = Release|Any CPU
		{F457BCE4-2DBD-4A2E-92D6-73EB166FBA53}.Release|Any CPU.Build.0 = Release|Any CPU
		{7ACA05D8-3A29-4C45-84D2-4A56325DA70B}.Debug|Any CPU.ActiveCfg = Debug|Any CPU
		{7ACA05D8-3A29-4C45-84D2-4A56325DA70B}.Debug|Any CPU.Build.0 = Debug|Any CPU
		{7ACA05D8-3A29-4C45-84D2-4A56325DA70B}.Release|Any CPU.ActiveCfg = Release|Any CPU
		{7ACA05D8-3A29-4C45-84D2-4A56325DA70B}.Release|Any CPU.Build.0 = Release|Any CPU
		{B68A3672-EDCF-429D-8DBC-1A7EB87F4679}.Debug|Any CPU.ActiveCfg = Debug|Any CPU
		{B68A3672-EDCF-429D-8DBC-1A7EB87F4679}.Debug|Any CPU.Build.0 = Debug|Any CPU
		{B68A3672-EDCF-429D-8DBC-1A7EB87F4679}.Release|Any CPU.ActiveCfg = Release|Any CPU
		{B68A3672-EDCF-429D-8DBC-1A7EB87F4679}.Release|Any CPU.Build.0 = Release|Any CPU
		{FE5336CF-5078-4ED5-8C32-8F4240F4A52F}.Debug|Any CPU.ActiveCfg = Debug|Any CPU
		{FE5336CF-5078-4ED5-8C32-8F4240F4A52F}.Debug|Any CPU.Build.0 = Debug|Any CPU
		{FE5336CF-5078-4ED5-8C32-8F4240F4A52F}.Release|Any CPU.ActiveCfg = Release|Any CPU
		{FE5336CF-5078-4ED5-8C32-8F4240F4A52F}.Release|Any CPU.Build.0 = Release|Any CPU
	EndGlobalSection
	GlobalSection(SolutionProperties) = preSolution
		HideSolutionNode = FALSE
	EndGlobalSection
	GlobalSection(NestedProjects) = preSolution
		{A3472539-D2E1-47D5-B6A7-BBDA14CC5D48} = {BCDC9033-A652-4A13-9AC9-19B77B622D96}
		{7ACA05D8-3A29-4C45-84D2-4A56325DA70B} = {BCDC9033-A652-4A13-9AC9-19B77B622D96}
		{FE5336CF-5078-4ED5-8C32-8F4240F4A52F} = {BCDC9033-A652-4A13-9AC9-19B77B622D96}
	EndGlobalSection
	GlobalSection(ExtensibilityGlobals) = postSolution
		SolutionGuid = {C972F9BF-7E32-4E44-B532-89087F3A52DE}
	EndGlobalSection
EndGlobal
